// !$*UTF8*$!
{
	archiveVersion = 1;
	classes = {
	};
	objectVersion = 46;
	objects = {

/* Begin PBXBuildFile section */
		9229CED91A023BA900AC677F /* Foundation.framework in Frameworks */ = {isa = PBXBuildFile; fileRef = 9229CED81A023BA900AC677F /* Foundation.framework */; };
		9229CEDB1A023BA900AC677F /* CoreGraphics.framework in Frameworks */ = {isa = PBXBuildFile; fileRef = 9229CEDA1A023BA900AC677F /* CoreGraphics.framework */; };
		9229CEDD1A023BA900AC677F /* UIKit.framework in Frameworks */ = {isa = PBXBuildFile; fileRef = 9229CEDC1A023BA900AC677F /* UIKit.framework */; };
		9229CEE31A023BA900AC677F /* InfoPlist.strings in Resources */ = {isa = PBXBuildFile; fileRef = 9229CEE11A023BA900AC677F /* InfoPlist.strings */; };
		9229CEE51A023BA900AC677F /* main.m in Sources */ = {isa = PBXBuildFile; fileRef = 9229CEE41A023BA900AC677F /* main.m */; };
		9229CEE91A023BA900AC677F /* AppDelegate.m in Sources */ = {isa = PBXBuildFile; fileRef = 9229CEE81A023BA900AC677F /* AppDelegate.m */; };
		9229CEEC1A023BAA00AC677F /* Main.storyboard in Resources */ = {isa = PBXBuildFile; fileRef = 9229CEEA1A023BAA00AC677F /* Main.storyboard */; };
		9229CEEF1A023BAA00AC677F /* ViewController.m in Sources */ = {isa = PBXBuildFile; fileRef = 9229CEEE1A023BAA00AC677F /* ViewController.m */; };
		9229CEF11A023BAA00AC677F /* Images.xcassets in Resources */ = {isa = PBXBuildFile; fileRef = 9229CEF01A023BAA00AC677F /* Images.xcassets */; };
		9229CEF81A023BAA00AC677F /* XCTest.framework in Frameworks */ = {isa = PBXBuildFile; fileRef = 9229CEF71A023BAA00AC677F /* XCTest.framework */; };
		9229CEF91A023BAA00AC677F /* Foundation.framework in Frameworks */ = {isa = PBXBuildFile; fileRef = 9229CED81A023BA900AC677F /* Foundation.framework */; };
		9229CEFA1A023BAA00AC677F /* UIKit.framework in Frameworks */ = {isa = PBXBuildFile; fileRef = 9229CEDC1A023BA900AC677F /* UIKit.framework */; };
		9229CF021A023BAA00AC677F /* InfoPlist.strings in Resources */ = {isa = PBXBuildFile; fileRef = 9229CF001A023BAA00AC677F /* InfoPlist.strings */; };
		9229CF041A023BAA00AC677F /* UnitTestsCardExampleTests.m in Sources */ = {isa = PBXBuildFile; fileRef = 9229CF031A023BAA00AC677F /* UnitTestsCardExampleTests.m */; };
/* End PBXBuildFile section */

/* Begin PBXContainerItemProxy section */
		9229CEFB1A023BAA00AC677F /* PBXContainerItemProxy */ = {
			isa = PBXContainerItemProxy;
			containerPortal = 9229CECD1A023BA900AC677F /* Project object */;
			proxyType = 1;
			remoteGlobalIDString = 9229CED41A023BA900AC677F;
			remoteInfo = UnitTestsCardExample;
		};
/* End PBXContainerItemProxy section */

/* Begin PBXFileReference section */
		9229CED51A023BA900AC677F /* UnitTestsCardExample.app */ = {isa = PBXFileReference; explicitFileType = wrapper.application; includeInIndex = 0; path = UnitTestsCardExample.app; sourceTree = BUILT_PRODUCTS_DIR; };
		9229CED81A023BA900AC677F /* Foundation.framework */ = {isa = PBXFileReference; lastKnownFileType = wrapper.framework; name = Foundation.framework; path = System/Library/Frameworks/Foundation.framework; sourceTree = SDKROOT; };
		9229CEDA1A023BA900AC677F /* CoreGraphics.framework */ = {isa = PBXFileReference; lastKnownFileType = wrapper.framework; name = CoreGraphics.framework; path = System/Library/Frameworks/CoreGraphics.framework; sourceTree = SDKROOT; };
		9229CEDC1A023BA900AC677F /* UIKit.framework */ = {isa = PBXFileReference; lastKnownFileType = wrapper.framework; name = UIKit.framework; path = System/Library/Frameworks/UIKit.framework; sourceTree = SDKROOT; };
		9229CEE01A023BA900AC677F /* UnitTestsCardExample-Info.plist */ = {isa = PBXFileReference; lastKnownFileType = text.plist.xml; path = "UnitTestsCardExample-Info.plist"; sourceTree = "<group>"; };
		9229CEE21A023BA900AC677F /* en */ = {isa = PBXFileReference; lastKnownFileType = text.plist.strings; name = en; path = en.lproj/InfoPlist.strings; sourceTree = "<group>"; };
		9229CEE41A023BA900AC677F /* main.m */ = {isa = PBXFileReference; lastKnownFileType = sourcecode.c.objc; path = main.m; sourceTree = "<group>"; };
		9229CEE61A023BA900AC677F /* UnitTestsCardExample-Prefix.pch */ = {isa = PBXFileReference; lastKnownFileType = sourcecode.c.h; path = "UnitTestsCardExample-Prefix.pch"; sourceTree = "<group>"; };
		9229CEE71A023BA900AC677F /* AppDelegate.h */ = {isa = PBXFileReference; lastKnownFileType = sourcecode.c.h; path = AppDelegate.h; sourceTree = "<group>"; };
		9229CEE81A023BA900AC677F /* AppDelegate.m */ = {isa = PBXFileReference; lastKnownFileType = sourcecode.c.objc; path = AppDelegate.m; sourceTree = "<group>"; };
		9229CEEB1A023BAA00AC677F /* Base */ = {isa = PBXFileReference; lastKnownFileType = file.storyboard; name = Base; path = Base.lproj/Main.storyboard; sourceTree = "<group>"; };
		9229CEED1A023BAA00AC677F /* ViewController.h */ = {isa = PBXFileReference; lastKnownFileType = sourcecode.c.h; path = ViewController.h; sourceTree = "<group>"; };
		9229CEEE1A023BAA00AC677F /* ViewController.m */ = {isa = PBXFileReference; lastKnownFileType = sourcecode.c.objc; path = ViewController.m; sourceTree = "<group>"; };
		9229CEF01A023BAA00AC677F /* Images.xcassets */ = {isa = PBXFileReference; lastKnownFileType = folder.assetcatalog; path = Images.xcassets; sourceTree = "<group>"; };
		9229CEF61A023BAA00AC677F /* UnitTestsCardExampleTests.xctest */ = {isa = PBXFileReference; explicitFileType = wrapper.cfbundle; includeInIndex = 0; path = UnitTestsCardExampleTests.xctest; sourceTree = BUILT_PRODUCTS_DIR; };
		9229CEF71A023BAA00AC677F /* XCTest.framework */ = {isa = PBXFileReference; lastKnownFileType = wrapper.framework; name = XCTest.framework; path = Library/Frameworks/XCTest.framework; sourceTree = DEVELOPER_DIR; };
		9229CEFF1A023BAA00AC677F /* UnitTestsCardExampleTests-Info.plist */ = {isa = PBXFileReference; lastKnownFileType = text.plist.xml; path = "UnitTestsCardExampleTests-Info.plist"; sourceTree = "<group>"; };
		9229CF011A023BAA00AC677F /* en */ = {isa = PBXFileReference; lastKnownFileType = text.plist.strings; name = en; path = en.lproj/InfoPlist.strings; sourceTree = "<group>"; };
		9229CF031A023BAA00AC677F /* UnitTestsCardExampleTests.m */ = {isa = PBXFileReference; lastKnownFileType = sourcecode.c.objc; path = UnitTestsCardExampleTests.m; sourceTree = "<group>"; };
/* End PBXFileReference section */

/* Begin PBXFrameworksBuildPhase section */
		9229CED21A023BA900AC677F /* Frameworks */ = {
			isa = PBXFrameworksBuildPhase;
			buildActionMask = 2147483647;
			files = (
				9229CEDB1A023BA900AC677F /* CoreGraphics.framework in Frameworks */,
				9229CEDD1A023BA900AC677F /* UIKit.framework in Frameworks */,
				9229CED91A023BA900AC677F /* Foundation.framework in Frameworks */,
			);
			runOnlyForDeploymentPostprocessing = 0;
		};
		9229CEF31A023BAA00AC677F /* Frameworks */ = {
			isa = PBXFrameworksBuildPhase;
			buildActionMask = 2147483647;
			files = (
				9229CEF81A023BAA00AC677F /* XCTest.framework in Frameworks */,
				9229CEFA1A023BAA00AC677F /* UIKit.framework in Frameworks */,
				9229CEF91A023BAA00AC677F /* Foundation.framework in Frameworks */,
			);
			runOnlyForDeploymentPostprocessing = 0;
		};
/* End PBXFrameworksBuildPhase section */

/* Begin PBXGroup section */
		9229CECC1A023BA900AC677F = {
			isa = PBXGroup;
			children = (
				9229CEDE1A023BA900AC677F /* UnitTestsCardExample */,
				9229CEFD1A023BAA00AC677F /* UnitTestsCardExampleTests */,
				9229CED71A023BA900AC677F /* Frameworks */,
				9229CED61A023BA900AC677F /* Products */,
			);
			sourceTree = "<group>";
		};
		9229CED61A023BA900AC677F /* Products */ = {
			isa = PBXGroup;
			children = (
				9229CED51A023BA900AC677F /* UnitTestsCardExample.app */,
				9229CEF61A023BAA00AC677F /* UnitTestsCardExampleTests.xctest */,
			);
			name = Products;
			sourceTree = "<group>";
		};
		9229CED71A023BA900AC677F /* Frameworks */ = {
			isa = PBXGroup;
			children = (
				9229CED81A023BA900AC677F /* Foundation.framework */,
				9229CEDA1A023BA900AC677F /* CoreGraphics.framework */,
				9229CEDC1A023BA900AC677F /* UIKit.framework */,
				9229CEF71A023BAA00AC677F /* XCTest.framework */,
			);
			name = Frameworks;
			sourceTree = "<group>";
		};
		9229CEDE1A023BA900AC677F /* UnitTestsCardExample */ = {
			isa = PBXGroup;
			children = (
				9229CEE71A023BA900AC677F /* AppDelegate.h */,
				9229CEE81A023BA900AC677F /* AppDelegate.m */,
				9229CEEA1A023BAA00AC677F /* Main.storyboard */,
				9229CEED1A023BAA00AC677F /* ViewController.h */,
				9229CEEE1A023BAA00AC677F /* ViewController.m */,
				9229CEF01A023BAA00AC677F /* Images.xcassets */,
				9229CEDF1A023BA900AC677F /* Supporting Files */,
			);
			path = UnitTestsCardExample;
			sourceTree = "<group>";
		};
		9229CEDF1A023BA900AC677F /* Supporting Files */ = {
			isa = PBXGroup;
			children = (
				9229CEE01A023BA900AC677F /* UnitTestsCardExample-Info.plist */,
				9229CEE11A023BA900AC677F /* InfoPlist.strings */,
				9229CEE41A023BA900AC677F /* main.m */,
				9229CEE61A023BA900AC677F /* UnitTestsCardExample-Prefix.pch */,
			);
			name = "Supporting Files";
			sourceTree = "<group>";
		};
		9229CEFD1A023BAA00AC677F /* UnitTestsCardExampleTests */ = {
			isa = PBXGroup;
			children = (
				9229CF031A023BAA00AC677F /* UnitTestsCardExampleTests.m */,
				9229CEFE1A023BAA00AC677F /* Supporting Files */,
			);
			path = UnitTestsCardExampleTests;
			sourceTree = "<group>";
		};
		9229CEFE1A023BAA00AC677F /* Supporting Files */ = {
			isa = PBXGroup;
			children = (
				9229CEFF1A023BAA00AC677F /* UnitTestsCardExampleTests-Info.plist */,
				9229CF001A023BAA00AC677F /* InfoPlist.strings */,
			);
			name = "Supporting Files";
			sourceTree = "<group>";
		};
/* End PBXGroup section */

/* Begin PBXNativeTarget section */
		9229CED41A023BA900AC677F /* UnitTestsCardExample */ = {
			isa = PBXNativeTarget;
			buildConfigurationList = 9229CF071A023BAA00AC677F /* Build configuration list for PBXNativeTarget "UnitTestsCardExample" */;
			buildPhases = (
				9229CED11A023BA900AC677F /* Sources */,
				9229CED21A023BA900AC677F /* Frameworks */,
				9229CED31A023BA900AC677F /* Resources */,
			);
			buildRules = (
			);
			dependencies = (
			);
			name = UnitTestsCardExample;
			productName = UnitTestsCardExample;
			productReference = 9229CED51A023BA900AC677F /* UnitTestsCardExample.app */;
			productType = "com.apple.product-type.application";
		};
		9229CEF51A023BAA00AC677F /* UnitTestsCardExampleTests */ = {
			isa = PBXNativeTarget;
			buildConfigurationList = 9229CF0A1A023BAA00AC677F /* Build configuration list for PBXNativeTarget "UnitTestsCardExampleTests" */;
			buildPhases = (
				9229CEF21A023BAA00AC677F /* Sources */,
				9229CEF31A023BAA00AC677F /* Frameworks */,
				9229CEF41A023BAA00AC677F /* Resources */,
			);
			buildRules = (
			);
			dependencies = (
				9229CEFC1A023BAA00AC677F /* PBXTargetDependency */,
			);
			name = UnitTestsCardExampleTests;
			productName = UnitTestsCardExampleTests;
			productReference = 9229CEF61A023BAA00AC677F /* UnitTestsCardExampleTests.xctest */;
			productType = "com.apple.product-type.bundle.unit-test";
		};
/* End PBXNativeTarget section */

/* Begin PBXProject section */
		9229CECD1A023BA900AC677F /* Project object */ = {
			isa = PBXProject;
			attributes = {
				LastUpgradeCheck = 0510;
				ORGANIZATIONNAME = "Fulop Barna";
				TargetAttributes = {
					9229CEF51A023BAA00AC677F = {
						TestTargetID = 9229CED41A023BA900AC677F;
					};
				};
			};
			buildConfigurationList = 9229CED01A023BA900AC677F /* Build configuration list for PBXProject "UnitTestsCardExample" */;
			compatibilityVersion = "Xcode 3.2";
			developmentRegion = English;
			hasScannedForEncodings = 0;
			knownRegions = (
				en,
				Base,
			);
			mainGroup = 9229CECC1A023BA900AC677F;
			productRefGroup = 9229CED61A023BA900AC677F /* Products */;
			projectDirPath = "";
			projectRoot = "";
			targets = (
				9229CED41A023BA900AC677F /* UnitTestsCardExample */,
				9229CEF51A023BAA00AC677F /* UnitTestsCardExampleTests */,
			);
		};
/* End PBXProject section */

/* Begin PBXResourcesBuildPhase section */
		9229CED31A023BA900AC677F /* Resources */ = {
			isa = PBXResourcesBuildPhase;
			buildActionMask = 2147483647;
			files = (
				9229CEF11A023BAA00AC677F /* Images.xcassets in Resources */,
				9229CEE31A023BA900AC677F /* InfoPlist.strings in Resources */,
				9229CEEC1A023BAA00AC677F /* Main.storyboard in Resources */,
			);
			runOnlyForDeploymentPostprocessing = 0;
		};
		9229CEF41A023BAA00AC677F /* Resources */ = {
			isa = PBXResourcesBuildPhase;
			buildActionMask = 2147483647;
			files = (
				9229CF021A023BAA00AC677F /* InfoPlist.strings in Resources */,
			);
			runOnlyForDeploymentPostprocessing = 0;
		};
/* End PBXResourcesBuildPhase section */

/* Begin PBXSourcesBuildPhase section */
		9229CED11A023BA900AC677F /* Sources */ = {
			isa = PBXSourcesBuildPhase;
			buildActionMask = 2147483647;
			files = (
				9229CEEF1A023BAA00AC677F /* ViewController.m in Sources */,
				9229CEE91A023BA900AC677F /* AppDelegate.m in Sources */,
				9229CEE51A023BA900AC677F /* main.m in Sources */,
			);
			runOnlyForDeploymentPostprocessing = 0;
		};
		9229CEF21A023BAA00AC677F /* Sources */ = {
			isa = PBXSourcesBuildPhase;
			buildActionMask = 2147483647;
			files = (
				9229CF041A023BAA00AC677F /* UnitTestsCardExampleTests.m in Sources */,
			);
			runOnlyForDeploymentPostprocessing = 0;
		};
/* End PBXSourcesBuildPhase section */

/* Begin PBXTargetDependency section */
		9229CEFC1A023BAA00AC677F /* PBXTargetDependency */ = {
			isa = PBXTargetDependency;
			target = 9229CED41A023BA900AC677F /* UnitTestsCardExample */;
			targetProxy = 9229CEFB1A023BAA00AC677F /* PBXContainerItemProxy */;
		};
/* End PBXTargetDependency section */

/* Begin PBXVariantGroup section */
		9229CEE11A023BA900AC677F /* InfoPlist.strings */ = {
			isa = PBXVariantGroup;
			children = (
				9229CEE21A023BA900AC677F /* en */,
			);
			name = InfoPlist.strings;
			sourceTree = "<group>";
		};
		9229CEEA1A023BAA00AC677F /* Main.storyboard */ = {
			isa = PBXVariantGroup;
			children = (
				9229CEEB1A023BAA00AC677F /* Base */,
			);
			name = Main.storyboard;
			sourceTree = "<group>";
		};
		9229CF001A023BAA00AC677F /* InfoPlist.strings */ = {
			isa = PBXVariantGroup;
			children = (
				9229CF011A023BAA00AC677F /* en */,
			);
			name = InfoPlist.strings;
			sourceTree = "<group>";
		};
/* End PBXVariantGroup section */

/* Begin XCBuildConfiguration section */
		9229CF051A023BAA00AC677F /* Debug */ = {
			isa = XCBuildConfiguration;
			buildSettings = {
				ALWAYS_SEARCH_USER_PATHS = NO;
				CLANG_CXX_LANGUAGE_STANDARD = "gnu++0x";
				CLANG_CXX_LIBRARY = "libc++";
				CLANG_ENABLE_MODULES = YES;
				CLANG_ENABLE_OBJC_ARC = YES;
				CLANG_WARN_BOOL_CONVERSION = YES;
				CLANG_WARN_CONSTANT_CONVERSION = YES;
				CLANG_WARN_DIRECT_OBJC_ISA_USAGE = YES_ERROR;
				CLANG_WARN_EMPTY_BODY = YES;
				CLANG_WARN_ENUM_CONVERSION = YES;
				CLANG_WARN_INT_CONVERSION = YES;
				CLANG_WARN_OBJC_ROOT_CLASS = YES_ERROR;
				CLANG_WARN__DUPLICATE_METHOD_MATCH = YES;
				"CODE_SIGN_IDENTITY[sdk=iphoneos*]" = "iPhone Developer";
				COPY_PHASE_STRIP = NO;
				GCC_C_LANGUAGE_STANDARD = gnu99;
				GCC_DYNAMIC_NO_PIC = NO;
				GCC_OPTIMIZATION_LEVEL = 0;
				GCC_PREPROCESSOR_DEFINITIONS = (
					"DEBUG=1",
					"$(inherited)",
				);
				GCC_SYMBOLS_PRIVATE_EXTERN = NO;
				GCC_WARN_64_TO_32_BIT_CONVERSION = YES;
				GCC_WARN_ABOUT_RETURN_TYPE = YES_ERROR;
				GCC_WARN_UNDECLARED_SELECTOR = YES;
				GCC_WARN_UNINITIALIZED_AUTOS = YES_AGGRESSIVE;
				GCC_WARN_UNUSED_FUNCTION = YES;
				GCC_WARN_UNUSED_VARIABLE = YES;
				IPHONEOS_DEPLOYMENT_TARGET = 7.1;
				ONLY_ACTIVE_ARCH = YES;
				SDKROOT = iphoneos;
			};
			name = Debug;
		};
		9229CF061A023BAA00AC677F /* Release */ = {
			isa = XCBuildConfiguration;
			buildSettings = {
				ALWAYS_SEARCH_USER_PATHS = NO;
				CLANG_CXX_LANGUAGE_STANDARD = "gnu++0x";
				CLANG_CXX_LIBRARY = "libc++";
				CLANG_ENABLE_MODULES = YES;
				CLANG_ENABLE_OBJC_ARC = YES;
				CLANG_WARN_BOOL_CONVERSION = YES;
				CLANG_WARN_CONSTANT_CONVERSION = YES;
				CLANG_WARN_DIRECT_OBJC_ISA_USAGE = YES_ERROR;
				CLANG_WARN_EMPTY_BODY = YES;
				CLANG_WARN_ENUM_CONVERSION = YES;
				CLANG_WARN_INT_CONVERSION = YES;
				CLANG_WARN_OBJC_ROOT_CLASS = YES_ERROR;
				CLANG_WARN__DUPLICATE_METHOD_MATCH = YES;
				"CODE_SIGN_IDENTITY[sdk=iphoneos*]" = "iPhone Developer";
				COPY_PHASE_STRIP = YES;
				ENABLE_NS_ASSERTIONS = NO;
				GCC_C_LANGUAGE_STANDARD = gnu99;
				GCC_WARN_64_TO_32_BIT_CONVERSION = YES;
				GCC_WARN_ABOUT_RETURN_TYPE = YES_ERROR;
				GCC_WARN_UNDECLARED_SELECTOR = YES;
				GCC_WARN_UNINITIALIZED_AUTOS = YES_AGGRESSIVE;
				GCC_WARN_UNUSED_FUNCTION = YES;
				GCC_WARN_UNUSED_VARIABLE = YES;
				IPHONEOS_DEPLOYMENT_TARGET = 7.1;
				SDKROOT = iphoneos;
				VALIDATE_PRODUCT = YES;
			};
			name = Release;
		};
		9229CF081A023BAA00AC677F /* Debug */ = {
			isa = XCBuildConfiguration;
			buildSettings = {
				ASSETCATALOG_COMPILER_APPICON_NAME = AppIcon;
				ASSETCATALOG_COMPILER_LAUNCHIMAGE_NAME = LaunchImage;
				GCC_PRECOMPILE_PREFIX_HEADER = YES;
				GCC_PREFIX_HEADER = "UnitTestsCardExample/UnitTestsCardExample-Prefix.pch";
				INFOPLIST_FILE = "UnitTestsCardExample/UnitTestsCardExample-Info.plist";
				PRODUCT_NAME = "$(TARGET_NAME)";
				WRAPPER_EXTENSION = app;
			};
			name = Debug;
		};
		9229CF091A023BAA00AC677F /* Release */ = {
			isa = XCBuildConfiguration;
			buildSettings = {
				ASSETCATALOG_COMPILER_APPICON_NAME = AppIcon;
				ASSETCATALOG_COMPILER_LAUNCHIMAGE_NAME = LaunchImage;
				GCC_PRECOMPILE_PREFIX_HEADER = YES;
				GCC_PREFIX_HEADER = "UnitTestsCardExample/UnitTestsCardExample-Prefix.pch";
				INFOPLIST_FILE = "UnitTestsCardExample/UnitTestsCardExample-Info.plist";
				PRODUCT_NAME = "$(TARGET_NAME)";
				WRAPPER_EXTENSION = app;
			};
			name = Release;
		};
		9229CF0B1A023BAA00AC677F /* Debug */ = {
			isa = XCBuildConfiguration;
			buildSettings = {
				BUNDLE_LOADER = "$(BUILT_PRODUCTS_DIR)/UnitTestsCardExample.app/UnitTestsCardExample";
				FRAMEWORK_SEARCH_PATHS = (
					"$(SDKROOT)/Developer/Library/Frameworks",
					"$(inherited)",
					"$(DEVELOPER_FRAMEWORKS_DIR)",
				);
				GCC_PRECOMPILE_PREFIX_HEADER = YES;
				GCC_PREFIX_HEADER = "UnitTestsCardExample/UnitTestsCardExample-Prefix.pch";
				GCC_PREPROCESSOR_DEFINITIONS = (
					"DEBUG=1",
					"$(inherited)",
				);
				INFOPLIST_FILE = "UnitTestsCardExampleTests/UnitTestsCardExampleTests-Info.plist";
				PRODUCT_NAME = "$(TARGET_NAME)";
				TEST_HOST = "$(BUNDLE_LOADER)";
				WRAPPER_EXTENSION = xctest;
			};
			name = Debug;
		};
		9229CF0C1A023BAA00AC677F /* Release */ = {
			isa = XCBuildConfiguration;
			buildSettings = {
				BUNDLE_LOADER = "$(BUILT_PRODUCTS_DIR)/UnitTestsCardExample.app/UnitTestsCardExample";
				FRAMEWORK_SEARCH_PATHS = (
					"$(SDKROOT)/Developer/Library/Frameworks",
					"$(inherited)",
					"$(DEVELOPER_FRAMEWORKS_DIR)",
				);
				GCC_PRECOMPILE_PREFIX_HEADER = YES;
				GCC_PREFIX_HEADER = "UnitTestsCardExample/UnitTestsCardExample-Prefix.pch";
				INFOPLIST_FILE = "UnitTestsCardExampleTests/UnitTestsCardExampleTests-Info.plist";
				PRODUCT_NAME = "$(TARGET_NAME)";
				TEST_HOST = "$(BUNDLE_LOADER)";
				WRAPPER_EXTENSION = xctest;
			};
			name = Release;
		};
/* End XCBuildConfiguration section */

/* Begin XCConfigurationList section */
		9229CED01A023BA900AC677F /* Build configuration list for PBXProject "UnitTestsCardExample" */ = {
			isa = XCConfigurationList;
			buildConfigurations = (
				9229CF051A023BAA00AC677F /* Debug */,
				9229CF061A023BAA00AC677F /* Release */,
			);
			defaultConfigurationIsVisible = 0;
			defaultConfigurationName = Release;
		};
		9229CF071A023BAA00AC677F /* Build configuration list for PBXNativeTarget "UnitTestsCardExample" */ = {
			isa = XCConfigurationList;
			buildConfigurations = (
				9229CF081A023BAA00AC677F /* Debug */,
				9229CF091A023BAA00AC677F /* Release */,
			);
			defaultConfigurationIsVisible = 0;
		};
		9229CF0A1A023BAA00AC677F /* Build configuration list for PBXNativeTarget "UnitTestsCardExampleTests" */ = {
			isa = XCConfigurationList;
			buildConfigurations = (
				9229CF0B1A023BAA00AC677F /* Debug */,
				9229CF0C1A023BAA00AC677F /* Release */,
			);
			defaultConfigurationIsVisible = 0;
		};
/* End XCConfigurationList section */
	};
	rootObject = 9229CECD1A023BA900AC677F /* Project object */;
}
